<?xml version="1.0" encoding="utf-8"?>
<Project ToolsVersion="4.0" xmlns="http://schemas.microsoft.com/developer/msbuild/2003">
  <ItemGroup>
    <Filter Include="Source Files">
      <UniqueIdentifier>{4FC737F1-C7A5-4376-A066-2A32D752A2FF}</UniqueIdentifier>
      <Extensions>cpp;c;cc;cxx;def;odl;idl;hpj;bat;asm;asmx</Extensions>
    </Filter>
    <Filter Include="Header Files">
      <UniqueIdentifier>{93995380-89BD-4b04-88EB-625FBE52EBFB}</UniqueIdentifier>
      <Extensions>h;hpp;hxx;hm;inl;inc;xsd</Extensions>
    </Filter>
    <Filter Include="Resource Files">
      <UniqueIdentifier>{67DA6AB6-F800-4c08-8B7A-83BB121AAD01}</UniqueIdentifier>
      <Extensions>rc;ico;cur;bmp;dlg;rc2;rct;bin;rgs;gif;jpg;jpeg;jpe;resx;tiff;tif;png;wav;mfcribbon-ms</Extensions>
    </Filter>
    <Filter Include="parsefactory">
      <UniqueIdentifier>{845ff4d5-f5cd-44d8-bcdb-1a2b81d6c424}</UniqueIdentifier>
    </Filter>
    <Filter Include="parser">
      <UniqueIdentifier>{df468cef-2796-4c91-9553-a1760e0036b1}</UniqueIdentifier>
    </Filter>
    <Filter Include="parsefactory\serialcom">
      <UniqueIdentifier>{cc01c393-e9f0-4b3e-92b2-76c6ab156a8f}</UniqueIdentifier>
    </Filter>
    <Filter Include="parsefactory\usb">
      <UniqueIdentifier>{9ff8e885-64f3-4f5a-915f-62024feb87bd}</UniqueIdentifier>
    </Filter>
  </ItemGroup>
  <ItemGroup>
    <None Include="ReadMe.txt" />
  </ItemGroup>
  <ItemGroup>
    <ClInclude Include="stdafx.h">
      <Filter>Header Files</Filter>
    </ClInclude>
    <ClInclude Include="targetver.h">
      <Filter>Header Files</Filter>
    </ClInclude>
    <ClInclude Include="inc\iparserinterface.h">
      <Filter>parsefactory</Filter>
    </ClInclude>
    <ClInclude Include="inc\parserfactory.h">
      <Filter>parsefactory</Filter>
    </ClInclude>
    <ClInclude Include="inc\serialdataparser.h">
      <Filter>parsefactory\serialcom</Filter>
    </ClInclude>
    <ClInclude Include="inc\usb\usbdataparser.h">
      <Filter>parsefactory\usb</Filter>
    </ClInclude>
    <ClInclude Include="inc\usb\acfdatahdr.h">
      <Filter>parsefactory\usb</Filter>
    </ClInclude>
  </ItemGroup>
  <ItemGroup>
    <ClCompile Include="stdafx.cpp">
      <Filter>Source Files</Filter>
    </ClCompile>
    <ClCompile Include="Parser.cpp">
      <Filter>Source Files</Filter>
    </ClCompile>
    <ClCompile Include="parserfactory\parserfactory.cpp">
      <Filter>parsefactory</Filter>
    </ClCompile>
    <ClCompile Include="parserfactory\serialcom\serialdataparser.cpp">
      <Filter>parsefactory\serialcom</Filter>
    </ClCompile>
    <ClCompile Include="src\usb\usbdataparser.cpp">
      <Filter>parsefactory\usb</Filter>
    </ClCompile>
  </ItemGroup>
</Project>