<?xml version="1.0" encoding="utf-8"?>
<Project ToolsVersion="4.0" xmlns="http://schemas.microsoft.com/developer/msbuild/2003">
  <ItemGroup>
    <Filter Include="Source Files">
      <UniqueIdentifier>{4FC737F1-C7A5-4376-A066-2A32D752A2FF}</UniqueIdentifier>
      <Extensions>cpp;c;cc;cxx;def;odl;idl;hpj;bat;asm;asmx</Extensions>
    </Filter>
    <Filter Include="Header Files">
      <UniqueIdentifier>{93995380-89BD-4b04-88EB-625FBE52EBFB}</UniqueIdentifier>
      <Extensions>h;hpp;hxx;hm;inl;inc;xsd</Extensions>
    </Filter>
    <Filter Include="Resource Files">
      <UniqueIdentifier>{67DA6AB6-F800-4c08-8B7A-83BB121AAD01}</UniqueIdentifier>
      <Extensions>rc;ico;cur;bmp;dlg;rc2;rct;bin;rgs;gif;jpg;jpeg;jpe;resx;tiff;tif;png;wav;mfcribbon-ms</Extensions>
    </Filter>
    <Filter Include="formatfactory">
      <UniqueIdentifier>{a0925cff-27bb-47c5-976c-f17e6b8b138c}</UniqueIdentifier>
    </Filter>
    <Filter Include="formatfactory\xml">
      <UniqueIdentifier>{4b5d87b3-837f-4651-8558-b3f07e75b6bf}</UniqueIdentifier>
    </Filter>
    <Filter Include="formatfactory\json">
      <UniqueIdentifier>{6504dc41-21ba-4767-b1f6-561edb1c1424}</UniqueIdentifier>
    </Filter>
    <Filter Include="formatfactory\protobuf">
      <UniqueIdentifier>{84368d9d-c884-4070-90ab-848fe3ffc828}</UniqueIdentifier>
    </Filter>
    <Filter Include="data">
      <UniqueIdentifier>{3c566743-d154-467f-b21a-56d546ac337a}</UniqueIdentifier>
    </Filter>
  </ItemGroup>
  <ItemGroup>
    <None Include="ReadMe.txt" />
  </ItemGroup>
  <ItemGroup>
    <ClInclude Include="stdafx.h">
      <Filter>Header Files</Filter>
    </ClInclude>
    <ClInclude Include="targetver.h">
      <Filter>Header Files</Filter>
    </ClInclude>
    <ClInclude Include="inc\iformat.h">
      <Filter>formatfactory</Filter>
    </ClInclude>
    <ClInclude Include="inc\jsonformat.h">
      <Filter>formatfactory\json</Filter>
    </ClInclude>
    <ClInclude Include="inc\formatfactory.h">
      <Filter>formatfactory</Filter>
    </ClInclude>
    <ClInclude Include="inc\datatype.h">
      <Filter>data</Filter>
    </ClInclude>
    <ClInclude Include="inc\cJSON.h">
      <Filter>Header Files</Filter>
    </ClInclude>
    <ClInclude Include="inc\fromattemplete.h">
      <Filter>Header Files</Filter>
    </ClInclude>
    <ClInclude Include="inc\jsonwrap.h">
      <Filter>Header Files</Filter>
    </ClInclude>
  </ItemGroup>
  <ItemGroup>
    <ClCompile Include="stdafx.cpp">
      <Filter>Source Files</Filter>
    </ClCompile>
    <ClCompile Include="DataFormat.cpp">
      <Filter>Source Files</Filter>
    </ClCompile>
    <ClCompile Include="formatfactory\formatfactory.cpp">
      <Filter>formatfactory</Filter>
    </ClCompile>
    <ClCompile Include="src\data\datatype.cpp">
      <Filter>data</Filter>
    </ClCompile>
    <ClCompile Include="formatfactory\json\jsonformat.cpp">
      <Filter>formatfactory\json</Filter>
    </ClCompile>
    <ClCompile Include="src\json\cJSON.cpp">
      <Filter>Source Files</Filter>
    </ClCompile>
    <ClCompile Include="src\jsonwrap.cpp">
      <Filter>Source Files</Filter>
    </ClCompile>
  </ItemGroup>
</Project>